<?xml version="1.0" encoding="utf-8"?>
<Project ToolsVersion="4.0" xmlns="http://schemas.microsoft.com/developer/msbuild/2003">
  <ItemGroup>
    <Filter Include="Source Files">
      <UniqueIdentifier>{4FC737F1-C7A5-4376-A066-2A32D752A2FF}</UniqueIdentifier>
      <Extensions>cpp;c;cc;cxx;def;odl;idl;hpj;bat;asm;asmx</Extensions>
    </Filter>
    <Filter Include="Header Files">
      <UniqueIdentifier>{93995380-89BD-4b04-88EB-625FBE52EBFB}</UniqueIdentifier>
      <Extensions>h;hh;hpp;hxx;hm;inl;inc;ipp;xsd</Extensions>
    </Filter>
    <Filter Include="Resource Files">
      <UniqueIdentifier>{67DA6AB6-F800-4c08-8B7A-83BB121AAD01}</UniqueIdentifier>
      <Extensions>rc;ico;cur;bmp;dlg;rc2;rct;bin;rgs;gif;jpg;jpeg;jpe;resx;tiff;tif;png;wav;mfcribbon-ms</Extensions>
    </Filter>
    <Filter Include="Header Files\Utils">
      <UniqueIdentifier>{cdc74acf-2c1b-4f50-9ca2-2ed0211f78c0}</UniqueIdentifier>
    </Filter>
    <Filter Include="Source Files\Utils">
      <UniqueIdentifier>{123d762d-1d15-4aa2-9170-1759eed9a46b}</UniqueIdentifier>
    </Filter>
    <Filter Include="Header Files\Rendering">
      <UniqueIdentifier>{26af20c8-8285-456d-8e64-50b8b01306d6}</UniqueIdentifier>
    </Filter>
    <Filter Include="Header Files\Scene">
      <UniqueIdentifier>{b00b40bc-b696-492d-a8a0-52a967bd9a4b}</UniqueIdentifier>
    </Filter>
    <Filter Include="Header Files\Scene\Lights">
      <UniqueIdentifier>{7d5f7eab-8c5d-4b7d-b4f6-9ed9b8a0a6c3}</UniqueIdentifier>
    </Filter>
    <Filter Include="Header Files\Scene\SceneObjects">
      <UniqueIdentifier>{6297c61d-07c4-465a-a94c-8530c17ec42f}</UniqueIdentifier>
    </Filter>
    <Filter Include="Source Files\Scene">
      <UniqueIdentifier>{b04482b5-a5ba-40d3-8103-81d7ddb60349}</UniqueIdentifier>
    </Filter>
    <Filter Include="Source Files\Rendering">
      <UniqueIdentifier>{f698e206-e401-4c7c-bb30-3cfec3e07c67}</UniqueIdentifier>
    </Filter>
    <Filter Include="Source Files\Scene\SceneObjects">
      <UniqueIdentifier>{05e1eb61-9ebc-4baf-9465-ef74e8f96529}</UniqueIdentifier>
    </Filter>
    <Filter Include="Source Files\Scene\Lights">
      <UniqueIdentifier>{b260c280-0dae-44be-81e9-c3dd27f05fcc}</UniqueIdentifier>
    </Filter>
    <Filter Include="Header Files\Image">
      <UniqueIdentifier>{2a042ff9-f29f-48dd-84ac-1156b64d04d0}</UniqueIdentifier>
    </Filter>
    <Filter Include="Source Files\Image">
      <UniqueIdentifier>{dfc5074b-e792-4990-9d8e-2f63f80de3a8}</UniqueIdentifier>
    </Filter>
    <Filter Include="Header Files\Materials">
      <UniqueIdentifier>{f77cd235-ce35-44dc-b044-76abbd0f8d70}</UniqueIdentifier>
    </Filter>
    <Filter Include="Source Files\Materials">
      <UniqueIdentifier>{99279014-80a3-49d3-a81d-6de8d72cd1d4}</UniqueIdentifier>
    </Filter>
  </ItemGroup>
  <ItemGroup>
    <ClCompile Include="src\Image\Image.cpp">
      <Filter>Source Files\Image</Filter>
    </ClCompile>
    <ClCompile Include="src\Utils\Vec3.cpp">
      <Filter>Source Files\Utils</Filter>
    </ClCompile>
    <ClCompile Include="src\Utils\Ray.cpp">
      <Filter>Source Files\Utils</Filter>
    </ClCompile>
    <ClCompile Include="src\Rendering\Renderer.cpp">
      <Filter>Source Files\Rendering</Filter>
    </ClCompile>
    <ClCompile Include="src\Main\mre.cpp">
      <Filter>Source Files</Filter>
    </ClCompile>
    <ClCompile Include="src\Scene\Camera.cpp">
      <Filter>Source Files\Scene</Filter>
    </ClCompile>
    <ClCompile Include="src\Rendering\MDebug.cpp">
      <Filter>Source Files\Rendering</Filter>
    </ClCompile>
    <ClCompile Include="src\Scene\Scene.cpp">
      <Filter>Source Files\Scene</Filter>
    </ClCompile>
    <ClCompile Include="src\Scene\SceneObjects\Sphere.cpp">
      <Filter>Source Files\Scene\SceneObjects</Filter>
    </ClCompile>
    <ClCompile Include="src\Materials\MDebugMat.cpp">
      <Filter>Source Files\Materials</Filter>
    </ClCompile>
    <ClCompile Include="src\Rendering\MRayTracer.cpp">
      <Filter>Source Files\Rendering</Filter>
    </ClCompile>
    <ClCompile Include="src\Scene\SceneObjects\SceneObject.cpp">
      <Filter>Source Files</Filter>
    </ClCompile>
  </ItemGroup>
  <ItemGroup>
    <ClInclude Include="src\Image\Image.h">
      <Filter>Header Files\Image</Filter>
    </ClInclude>
    <ClInclude Include="src\Utils\Vec3.h">
      <Filter>Header Files\Utils</Filter>
    </ClInclude>
    <ClInclude Include="src\Utils\Ray.h">
      <Filter>Header Files\Utils</Filter>
    </ClInclude>
    <ClInclude Include="src\Rendering\Integrator.h">
      <Filter>Header Files\Rendering</Filter>
    </ClInclude>
    <ClInclude Include="src\Rendering\MRayTracer.h">
      <Filter>Header Files\Rendering</Filter>
    </ClInclude>
    <ClInclude Include="src\Rendering\Renderer.h">
      <Filter>Header Files\Rendering</Filter>
    </ClInclude>
    <ClInclude Include="src\Scene\Lights\DirectionalLight.h">
      <Filter>Header Files\Scene\Lights</Filter>
    </ClInclude>
    <ClInclude Include="src\Scene\Lights\Light.h">
      <Filter>Header Files\Scene\Lights</Filter>
    </ClInclude>
    <ClInclude Include="src\Scene\Lights\PointLight.h">
      <Filter>Header Files\Scene\Lights</Filter>
    </ClInclude>
    <ClInclude Include="src\Scene\SceneObjects\SceneObject.h">
      <Filter>Header Files\Scene\SceneObjects</Filter>
    </ClInclude>
    <ClInclude Include="src\Scene\SceneObjects\Sphere.h">
      <Filter>Header Files\Scene\SceneObjects</Filter>
    </ClInclude>
    <ClInclude Include="src\Scene\Camera.h">
      <Filter>Header Files\Scene</Filter>
    </ClInclude>
    <ClInclude Include="src\Scene\Scene.h">
      <Filter>Header Files\Scene</Filter>
    </ClInclude>
    <ClInclude Include="src\Rendering\MDebug.h">
      <Filter>Header Files\Rendering</Filter>
    </ClInclude>
    <ClInclude Include="src\Materials\Material.h">
      <Filter>Header Files\Materials</Filter>
    </ClInclude>
    <ClInclude Include="src\Materials\MDebugMat.h">
      <Filter>Header Files\Materials</Filter>
    </ClInclude>
  </ItemGroup>
</Project>